
Microsoft Visual Studio Solution File, Format Version 12.00
# Visual Studio 15
VisualStudioVersion = 15.0.28307.106
MinimumVisualStudioVersion = 10.0.40219.1
Project("{FAE04EC0-301F-11D3-BF4B-00C04F79EFBC}") = "ParkingClientService", "ParkingClientService\ParkingClientService.csproj", "{9B32B01F-4E9A-4742-987E-6AFED218E32B}"
EndProject
Global
	GlobalSection(SolutionConfigurationPlatforms) = preSolution
		Debug|Any CPU = Debug|Any CPU
		Release|Any CPU = Release|Any CPU
	EndGlobalSection
	GlobalSection(ProjectConfigurationPlatforms) = postSolution
		{9B32B01F-4E9A-4742-987E-6AFED218E32B}.Debug|Any CPU.ActiveCfg = Debug|Any CPU
		{9B32B01F-4E9A-4742-987E-6AFED218E32B}.Debug|Any CPU.Build.0 = Debug|Any CPU
		{9B32B01F-4E9A-4742-987E-6AFED218E32B}.Release|Any CPU.ActiveCfg = Release|Any CPU
		{9B32B01F-4E9A-4742-987E-6AFED218E32B}.Release|Any CPU.Build.0 = Release|Any CPU
	EndGlobalSection
	GlobalSection(SolutionProperties) = preSolution
		HideSolutionNode = FALSE
	EndGlobalSection
	GlobalSection(ExtensibilityGlobals) = postSolution
		SolutionGuid = {C7B080C3-C07D-406A-9113-517898BF6151}
	EndGlobalSection
EndGlobal
